<?xml version="1.0" encoding="utf-8"?>
<Project xmlns="http://schemas.microsoft.com/developer/msbuild/2003">
  <ItemGroup>
    <Filter Include="Form Files">
      <UniqueIdentifier>{99349809-55BA-4b9d-BF79-8FDBB0286EB3}</UniqueIdentifier>
      <Extensions>ui</Extensions>
      <ParseFiles>false</ParseFiles>
    </Filter>
    <Filter Include="Form Files">
      <UniqueIdentifier>{99349809-55BA-4b9d-BF79-8FDBB0286EB3}</UniqueIdentifier>
      <Extensions>ui</Extensions>
      <ParseFiles>false</ParseFiles>
    </Filter>
    <Filter Include="Generated Files">
      <UniqueIdentifier>{71ED8ED8-ACB9-4CE9-BBE1-E00B30144E11}</UniqueIdentifier>
      <Extensions>cpp;c;cxx;moc;h;def;odl;idl;res;</Extensions>
    </Filter>
    <Filter Include="Generated Files">
      <UniqueIdentifier>{71ED8ED8-ACB9-4CE9-BBE1-E00B30144E11}</UniqueIdentifier>
      <Extensions>cpp;c;cxx;moc;h;def;odl;idl;res;</Extensions>
    </Filter>
    <Filter Include="Header Files">
      <UniqueIdentifier>{93995380-89BD-4b04-88EB-625FBE52EBFB}</UniqueIdentifier>
      <Extensions>h;hpp;hxx;hm;inl;inc;xsd</Extensions>
    </Filter>
    <Filter Include="Header Files">
      <UniqueIdentifier>{93995380-89BD-4b04-88EB-625FBE52EBFB}</UniqueIdentifier>
      <Extensions>h;hpp;hxx;hm;inl;inc;xsd</Extensions>
    </Filter>
    <Filter Include="Source Files">
      <UniqueIdentifier>{4FC737F1-C7A5-4376-A066-2A32D752A2FF}</UniqueIdentifier>
      <Extensions>cpp;c;cxx;def;odl;idl;hpj;bat;asm;asmx</Extensions>
    </Filter>
    <Filter Include="Source Files">
      <UniqueIdentifier>{4FC737F1-C7A5-4376-A066-2A32D752A2FF}</UniqueIdentifier>
      <Extensions>cpp;c;cxx;def;odl;idl;hpj;bat;asm;asmx</Extensions>
    </Filter>
  </ItemGroup>
  <ItemGroup>
    <ClCompile Include="src\app\commandline.cpp">
      <Filter>Source Files</Filter>
    </ClCompile>
    <ClCompile Include="src\app\glwidget.cpp">
      <Filter>Source Files</Filter>
    </ClCompile>
    <ClCompile Include="src\app\main.cpp">
      <Filter>Source Files</Filter>
    </ClCompile>
    <ClCompile Include="src\app\mainwindow.cpp">
      <Filter>Source Files</Filter>
    </ClCompile>
    <ClCompile Include="MeshUtils.cpp">
      <Filter>Generated Files</Filter>
    </ClCompile>
    <ClCompile Include="src\core\common\MeshManager.cpp">
      <Filter>Generated Files</Filter>
    </ClCompile>
    <ClCompile Include="src\core\generation\SphereGenerator.cpp">
      <Filter>Generated Files</Filter>
    </ClCompile>
    <ClCompile Include="src\core\common\EntityRepository.cpp">
      <Filter>Generated Files</Filter>
    </ClCompile>
    <ClCompile Include="src\core\generation\CylinderGenerator.cpp">
      <Filter>Generated Files</Filter>
    </ClCompile>
    <ClCompile Include="src\core\generation\CubeGenerator.cpp">
      <Filter>Generated Files</Filter>
    </ClCompile>
    <ClCompile Include="src\core\generation\CylindricalShellGenerator.cpp">
      <Filter>Generated Files</Filter>
    </ClCompile>
    <ClCompile Include="src\core\generation\HemisphereGenerator.cpp">
      <Filter>Generated Files</Filter>
    </ClCompile>
    <ClCompile Include="src\core\generation\FrustumGenerator.cpp">
      <Filter>Generated Files</Filter>
    </ClCompile>
    <ClCompile Include="src\core\generation\FrustumShellGenerator.cpp">
      <Filter>Generated Files</Filter>
    </ClCompile>
    <ClCompile Include="src\core\generation\HalfCylinderGenerator.cpp">
      <Filter>Generated Files</Filter>
    </ClCompile>
    <ClCompile Include="src\core\generation\HalfCylindricalShellGenerator.cpp">
      <Filter>Generated Files</Filter>
    </ClCompile>
    <ClCompile Include="src\core\common\Part\PartCard.cpp">
      <Filter>Generated Files</Filter>
    </ClCompile>
    <ClCompile Include="src\core\common\Contact\ContactCard.cpp">
      <Filter>Generated Files</Filter>
    </ClCompile>
    <ClCompile Include="src\core\common\Material\MaterialCard.cpp">
      <Filter>Generated Files</Filter>
    </ClCompile>
    <ClCompile Include="src\core\common\LSDynaDeck.cpp">
      <Filter>Generated Files</Filter>
    </ClCompile>
    <ClCompile Include="src\core\common\Control\ControlCards.cpp">
      <Filter>Generated Files</Filter>
    </ClCompile>
    <ClCompile Include="src\core\common\Database\DatabaseCards.cpp">
      <Filter>Generated Files</Filter>
    </ClCompile>
    <ClCompile Include="src\core\common\Boundary\BoundaryCards.cpp">
      <Filter>Generated Files</Filter>
    </ClCompile>
    <ClCompile Include="src\core\generation\OpenCylindricalShellGenerator.cpp">
      <Filter>Generated Files</Filter>
    </ClCompile>
  </ItemGroup>
  <ItemGroup>
    <ClInclude Include="src\core\algorithm\Algorithm.h">
      <Filter>Header Files</Filter>
    </ClInclude>
    <ClInclude Include="src\core\common\STL_reader.h">
      <Filter>Header Files</Filter>
    </ClInclude>
    <QtMoc Include="src\app\commandline.h">
      <Filter>Header Files</Filter>
    </QtMoc>
    <ClInclude Include="src\core\common\common_types.h">
      <Filter>Header Files</Filter>
    </ClInclude>
    <ClInclude Include="src\core\generation\cubic_block.h">
      <Filter>Header Files</Filter>
    </ClInclude>
    <ClInclude Include="src\core\generation\cylinder_projection.h">
      <Filter>Header Files</Filter>
    </ClInclude>
    <ClInclude Include="src\core\eos\eos.h">
      <Filter>Header Files</Filter>
    </ClInclude>
    <QtMoc Include="src\app\glwidget.h">
      <Filter>Header Files</Filter>
    </QtMoc>
    <ClInclude Include="src\core\reconstruction\instance_builder.h">
      <Filter>Header Files</Filter>
    </ClInclude>
    <ClInclude Include="src\core\reconstruction\instance_modification.h">
      <Filter>Header Files</Filter>
    </ClInclude>
    <QtMoc Include="src\app\mainwindow.h">
      <Filter>Header Files</Filter>
    </QtMoc>
    <ClInclude Include="src\core\materials\materials.h">
      <Filter>Header Files</Filter>
    </ClInclude>
    <ClInclude Include="src\core\reconstruction\mesh_refinement.h">
      <Filter>Header Files</Filter>
    </ClInclude>
    <ClInclude Include="src\core\reconstruction\reconstruction_engine.h">
      <Filter>Header Files</Filter>
    </ClInclude>
    <ClInclude Include="src\core\generation\revolver_block.h">
      <Filter>Header Files</Filter>
    </ClInclude>
    <ClInclude Include="src\core\generation\sampling.h">
      <Filter>Header Files</Filter>
    </ClInclude>
    <ClInclude Include="src\core\generation\sphere_projection.h">
      <Filter>Header Files</Filter>
    </ClInclude>
    <ClInclude Include="MeshUtils.h">
      <Filter>Generated Files</Filter>
    </ClInclude>
    <ClInclude Include="src\core\common\MeshGenerator.h">
      <Filter>Generated Files</Filter>
    </ClInclude>
    <ClInclude Include="src\core\generation\SphereGenerator.h">
      <Filter>Generated Files</Filter>
    </ClInclude>
    <ClInclude Include="src\core\common\EntityRepository.h">
      <Filter>Generated Files</Filter>
    </ClInclude>
    <ClInclude Include="src\core\generation\CylinderGenerator.h">
      <Filter>Generated Files</Filter>
    </ClInclude>
    <ClInclude Include="src\core\generation\CubeGenerator.h">
      <Filter>Generated Files</Filter>
    </ClInclude>
    <ClInclude Include="src\core\generation\CylindricalShellGenerator.h">
      <Filter>Generated Files</Filter>
    </ClInclude>
    <ClInclude Include="src\core\generation\HemisphereGenerator.h">
      <Filter>Generated Files</Filter>
    </ClInclude>
    <ClInclude Include="src\core\generation\FrustumGenerator.h">
      <Filter>Generated Files</Filter>
    </ClInclude>
    <ClInclude Include="src\core\generation\FrustumShellGenerator.h">
      <Filter>Generated Files</Filter>
    </ClInclude>
    <ClInclude Include="src\core\generation\HalfCylinderGenerator.h">
      <Filter>Generated Files</Filter>
    </ClInclude>
    <ClInclude Include="src\core\generation\HalfCylindricalShellGenerator.h">
      <Filter>Generated Files</Filter>
    </ClInclude>
    <ClInclude Include="src\core\common\DynaFormat.h">
      <Filter>Generated Files</Filter>
    </ClInclude>
    <ClInclude Include="src\core\common\KeywordCard.h">
      <Filter>Generated Files</Filter>
    </ClInclude>
    <ClInclude Include="src\core\common\Part\PartCard.h">
      <Filter>Generated Files</Filter>
    </ClInclude>
    <ClInclude Include="src\core\common\Contact\ContactCard.h">
      <Filter>Generated Files</Filter>
    </ClInclude>
    <ClInclude Include="src\core\common\Material\MaterialCard.h">
      <Filter>Generated Files</Filter>
    </ClInclude>
    <ClInclude Include="src\core\common\LSDynaDeck.h">
      <Filter>Generated Files</Filter>
    </ClInclude>
    <ClInclude Include="src\core\common\Control\ControlCards.h">
      <Filter>Generated Files</Filter>
    </ClInclude>
    <ClInclude Include="src\core\common\Database\DatabaseCards.h">
      <Filter>Generated Files</Filter>
    </ClInclude>
    <ClInclude Include="src\core\common\Boundary\BoundaryCards.h">
      <Filter>Generated Files</Filter>
    </ClInclude>
    <ClInclude Include="src\core\common\InitialConditions\InitialConditions.h">
      <Filter>Generated Files</Filter>
    </ClInclude>
    <ClInclude Include="src\core\common\Miscellany\MiscCards.h">
      <Filter>Generated Files</Filter>
    </ClInclude>
    <ClInclude Include="src\core\generation\OpenCylindricalShellGenerator.h">
      <Filter>Generated Files</Filter>
    </ClInclude>
  </ItemGroup>
  <ItemGroup>
    <CustomBuild Include="debug\moc_predefs.h.cbt">
      <Filter>Generated Files</Filter>
    </CustomBuild>
    <CustomBuild Include="release\moc_predefs.h.cbt">
      <Filter>Generated Files</Filter>
    </CustomBuild>
  </ItemGroup>
  <ItemGroup>
    <QtUic Include="src\app\ui\mainwindow.ui">
      <Filter>Form Files</Filter>
    </QtUic>
  </ItemGroup>
  <ItemGroup>
    <QtMoc Include="src\core\common\MeshManager.h">
      <Filter>Generated Files</Filter>
    </QtMoc>
  </ItemGroup>
  <ItemGroup>
    <None Include="README.md" />
  </ItemGroup>
</Project>